// !$*UTF8*$!
{
	archiveVersion = 1;
	classes = {
	};
	objectVersion = 46;
	objects = {

/* Begin PBXBuildFile section */
		006412671E780BD3008511DA /* main.m in Sources */ = {isa = PBXBuildFile; fileRef = 006412661E780BD3008511DA /* main.m */; };
		0064126A1E780BD3008511DA /* AppDelegate.m in Sources */ = {isa = PBXBuildFile; fileRef = 006412691E780BD3008511DA /* AppDelegate.m */; };
		0064126D1E780BD3008511DA /* ViewController.m in Sources */ = {isa = PBXBuildFile; fileRef = 0064126C1E780BD3008511DA /* ViewController.m */; };
		006412701E780BD3008511DA /* Main.storyboard in Resources */ = {isa = PBXBuildFile; fileRef = 0064126E1E780BD3008511DA /* Main.storyboard */; };
		006412721E780BD3008511DA /* Images.xcassets in Resources */ = {isa = PBXBuildFile; fileRef = 006412711E780BD3008511DA /* Images.xcassets */; };
		006412751E780BD3008511DA /* LaunchScreen.xib in Resources */ = {isa = PBXBuildFile; fileRef = 006412731E780BD3008511DA /* LaunchScreen.xib */; };
		006412811E780BD4008511DA /* Uiprogresview2017Tests.m in Sources */ = {isa = PBXBuildFile; fileRef = 006412801E780BD4008511DA /* Uiprogresview2017Tests.m */; };
/* End PBXBuildFile section */

/* Begin PBXContainerItemProxy section */
		0064127B1E780BD3008511DA /* PBXContainerItemProxy */ = {
			isa = PBXContainerItemProxy;
			containerPortal = 006412591E780BD3008511DA /* Project object */;
			proxyType = 1;
			remoteGlobalIDString = 006412601E780BD3008511DA;
			remoteInfo = Uiprogresview2017;
		};
/* End PBXContainerItemProxy section */

/* Begin PBXFileReference section */
		006412611E780BD3008511DA /* Uiprogresview2017.app */ = {isa = PBXFileReference; explicitFileType = wrapper.application; includeInIndex = 0; path = Uiprogresview2017.app; sourceTree = BUILT_PRODUCTS_DIR; };
		006412651E780BD3008511DA /* Info.plist */ = {isa = PBXFileReference; lastKnownFileType = text.plist.xml; path = Info.plist; sourceTree = "<group>"; };
		006412661E780BD3008511DA /* main.m */ = {isa = PBXFileReference; lastKnownFileType = sourcecode.c.objc; path = main.m; sourceTree = "<group>"; };
		006412681E780BD3008511DA /* AppDelegate.h */ = {isa = PBXFileReference; lastKnownFileType = sourcecode.c.h; path = AppDelegate.h; sourceTree = "<group>"; };
		006412691E780BD3008511DA /* AppDelegate.m */ = {isa = PBXFileReference; lastKnownFileType = sourcecode.c.objc; path = AppDelegate.m; sourceTree = "<group>"; };
		0064126B1E780BD3008511DA /* ViewController.h */ = {isa = PBXFileReference; lastKnownFileType = sourcecode.c.h; path = ViewController.h; sourceTree = "<group>"; };
		0064126C1E780BD3008511DA /* ViewController.m */ = {isa = PBXFileReference; lastKnownFileType = sourcecode.c.objc; path = ViewController.m; sourceTree = "<group>"; };
		0064126F1E780BD3008511DA /* Base */ = {isa = PBXFileReference; lastKnownFileType = file.storyboard; name = Base; path = Base.lproj/Main.storyboard; sourceTree = "<group>"; };
		006412711E780BD3008511DA /* Images.xcassets */ = {isa = PBXFileReference; lastKnownFileType = folder.assetcatalog; path = Images.xcassets; sourceTree = "<group>"; };
		006412741E780BD3008511DA /* Base */ = {isa = PBXFileReference; lastKnownFileType = file.xib; name = Base; path = Base.lproj/LaunchScreen.xib; sourceTree = "<group>"; };
		0064127A1E780BD3008511DA /* Uiprogresview2017Tests.xctest */ = {isa = PBXFileReference; explicitFileType = wrapper.cfbundle; includeInIndex = 0; path = Uiprogresview2017Tests.xctest; sourceTree = BUILT_PRODUCTS_DIR; };
		0064127F1E780BD3008511DA /* Info.plist */ = {isa = PBXFileReference; lastKnownFileType = text.plist.xml; path = Info.plist; sourceTree = "<group>"; };
		006412801E780BD4008511DA /* Uiprogresview2017Tests.m */ = {isa = PBXFileReference; lastKnownFileType = sourcecode.c.objc; path = Uiprogresview2017Tests.m; sourceTree = "<group>"; };
/* End PBXFileReference section */

/* Begin PBXFrameworksBuildPhase section */
		0064125E1E780BD3008511DA /* Frameworks */ = {
			isa = PBXFrameworksBuildPhase;
			buildActionMask = 2147483647;
			files = (
			);
			runOnlyForDeploymentPostprocessing = 0;
		};
		006412771E780BD3008511DA /* Frameworks */ = {
			isa = PBXFrameworksBuildPhase;
			buildActionMask = 2147483647;
			files = (
			);
			runOnlyForDeploymentPostprocessing = 0;
		};
/* End PBXFrameworksBuildPhase section */

/* Begin PBXGroup section */
		006412581E780BD3008511DA = {
			isa = PBXGroup;
			children = (
				006412631E780BD3008511DA /* Uiprogresview2017 */,
				0064127D1E780BD3008511DA /* Uiprogresview2017Tests */,
				006412621E780BD3008511DA /* Products */,
			);
			sourceTree = "<group>";
		};
		006412621E780BD3008511DA /* Products */ = {
			isa = PBXGroup;
			children = (
				006412611E780BD3008511DA /* Uiprogresview2017.app */,
				0064127A1E780BD3008511DA /* Uiprogresview2017Tests.xctest */,
			);
			name = Products;
			sourceTree = "<group>";
		};
		006412631E780BD3008511DA /* Uiprogresview2017 */ = {
			isa = PBXGroup;
			children = (
				006412681E780BD3008511DA /* AppDelegate.h */,
				006412691E780BD3008511DA /* AppDelegate.m */,
				0064126B1E780BD3008511DA /* ViewController.h */,
				0064126C1E780BD3008511DA /* ViewController.m */,
				0064126E1E780BD3008511DA /* Main.storyboard */,
				006412711E780BD3008511DA /* Images.xcassets */,
				006412731E780BD3008511DA /* LaunchScreen.xib */,
				006412641E780BD3008511DA /* Supporting Files */,
			);
			path = Uiprogresview2017;
			sourceTree = "<group>";
		};
		006412641E780BD3008511DA /* Supporting Files */ = {
			isa = PBXGroup;
			children = (
				006412651E780BD3008511DA /* Info.plist */,
				006412661E780BD3008511DA /* main.m */,
			);
			name = "Supporting Files";
			sourceTree = "<group>";
		};
		0064127D1E780BD3008511DA /* Uiprogresview2017Tests */ = {
			isa = PBXGroup;
			children = (
				006412801E780BD4008511DA /* Uiprogresview2017Tests.m */,
				0064127E1E780BD3008511DA /* Supporting Files */,
			);
			path = Uiprogresview2017Tests;
			sourceTree = "<group>";
		};
		0064127E1E780BD3008511DA /* Supporting Files */ = {
			isa = PBXGroup;
			children = (
				0064127F1E780BD3008511DA /* Info.plist */,
			);
			name = "Supporting Files";
			sourceTree = "<group>";
		};
/* End PBXGroup section */

/* Begin PBXNativeTarget section */
		006412601E780BD3008511DA /* Uiprogresview2017 */ = {
			isa = PBXNativeTarget;
			buildConfigurationList = 006412841E780BD4008511DA /* Build configuration list for PBXNativeTarget "Uiprogresview2017" */;
			buildPhases = (
				0064125D1E780BD3008511DA /* Sources */,
				0064125E1E780BD3008511DA /* Frameworks */,
				0064125F1E780BD3008511DA /* Resources */,
			);
			buildRules = (
			);
			dependencies = (
			);
			name = Uiprogresview2017;
			productName = Uiprogresview2017;
			productReference = 006412611E780BD3008511DA /* Uiprogresview2017.app */;
			productType = "com.apple.product-type.application";
		};
		006412791E780BD3008511DA /* Uiprogresview2017Tests */ = {
			isa = PBXNativeTarget;
			buildConfigurationList = 006412871E780BD4008511DA /* Build configuration list for PBXNativeTarget "Uiprogresview2017Tests" */;
			buildPhases = (
				006412761E780BD3008511DA /* Sources */,
				006412771E780BD3008511DA /* Frameworks */,
				006412781E780BD3008511DA /* Resources */,
			);
			buildRules = (
			);
			dependencies = (
				0064127C1E780BD3008511DA /* PBXTargetDependency */,
			);
			name = Uiprogresview2017Tests;
			productName = Uiprogresview2017Tests;
			productReference = 0064127A1E780BD3008511DA /* Uiprogresview2017Tests.xctest */;
			productType = "com.apple.product-type.bundle.unit-test";
		};
/* End PBXNativeTarget section */

/* Begin PBXProject section */
		006412591E780BD3008511DA /* Project object */ = {
			isa = PBXProject;
			attributes = {
				LastUpgradeCheck = 0630;
				ORGANIZATIONNAME = mine;
				TargetAttributes = {
					006412601E780BD3008511DA = {
						CreatedOnToolsVersion = 6.3.2;
					};
					006412791E780BD3008511DA = {
						CreatedOnToolsVersion = 6.3.2;
						TestTargetID = 006412601E780BD3008511DA;
					};
				};
			};
			buildConfigurationList = 0064125C1E780BD3008511DA /* Build configuration list for PBXProject "Uiprogresview2017" */;
			compatibilityVersion = "Xcode 3.2";
			developmentRegion = English;
			hasScannedForEncodings = 0;
			knownRegions = (
				en,
				Base,
			);
			mainGroup = 006412581E780BD3008511DA;
			productRefGroup = 006412621E780BD3008511DA /* Products */;
			projectDirPath = "";
			projectRoot = "";
			targets = (
				006412601E780BD3008511DA /* Uiprogresview2017 */,
				006412791E780BD3008511DA /* Uiprogresview2017Tests */,
			);
		};
/* End PBXProject section */

/* Begin PBXResourcesBuildPhase section */
		0064125F1E780BD3008511DA /* Resources */ = {
			isa = PBXResourcesBuildPhase;
			buildActionMask = 2147483647;
			files = (
				006412701E780BD3008511DA /* Main.storyboard in Resources */,
				006412751E780BD3008511DA /* LaunchScreen.xib in Resources */,
				006412721E780BD3008511DA /* Images.xcassets in Resources */,
			);
			runOnlyForDeploymentPostprocessing = 0;
		};
		006412781E780BD3008511DA /* Resources */ = {
			isa = PBXResourcesBuildPhase;
			buildActionMask = 2147483647;
			files = (
			);
			runOnlyForDeploymentPostprocessing = 0;
		};
/* End PBXResourcesBuildPhase section */

/* Begin PBXSourcesBuildPhase section */
		0064125D1E780BD3008511DA /* Sources */ = {
			isa = PBXSourcesBuildPhase;
			buildActionMask = 2147483647;
			files = (
				0064126D1E780BD3008511DA /* ViewController.m in Sources */,
				0064126A1E780BD3008511DA /* AppDelegate.m in Sources */,
				006412671E780BD3008511DA /* main.m in Sources */,
			);
			runOnlyForDeploymentPostprocessing = 0;
		};
		006412761E780BD3008511DA /* Sources */ = {
			isa = PBXSourcesBuildPhase;
			buildActionMask = 2147483647;
			files = (
				006412811E780BD4008511DA /* Uiprogresview2017Tests.m in Sources */,
			);
			runOnlyForDeploymentPostprocessing = 0;
		};
/* End PBXSourcesBuildPhase section */

/* Begin PBXTargetDependency section */
		0064127C1E780BD3008511DA /* PBXTargetDependency */ = {
			isa = PBXTargetDependency;
			target = 006412601E780BD3008511DA /* Uiprogresview2017 */;
			targetProxy = 0064127B1E780BD3008511DA /* PBXContainerItemProxy */;
		};
/* End PBXTargetDependency section */

/* Begin PBXVariantGroup section */
		0064126E1E780BD3008511DA /* Main.storyboard */ = {
			isa = PBXVariantGroup;
			children = (
				0064126F1E780BD3008511DA /* Base */,
			);
			name = Main.storyboard;
			sourceTree = "<group>";
		};
		006412731E780BD3008511DA /* LaunchScreen.xib */ = {
			isa = PBXVariantGroup;
			children = (
				006412741E780BD3008511DA /* Base */,
			);
			name = LaunchScreen.xib;
			sourceTree = "<group>";
		};
/* End PBXVariantGroup section */

/* Begin XCBuildConfiguration section */
		006412821E780BD4008511DA /* Debug */ = {
			isa = XCBuildConfiguration;
			buildSettings = {
				ALWAYS_SEARCH_USER_PATHS = NO;
				CLANG_CXX_LANGUAGE_STANDARD = "gnu++0x";
				CLANG_CXX_LIBRARY = "libc++";
				CLANG_ENABLE_MODULES = YES;
				CLANG_ENABLE_OBJC_ARC = YES;
				CLANG_WARN_BOOL_CONVERSION = YES;
				CLANG_WARN_CONSTANT_CONVERSION = YES;
				CLANG_WARN_DIRECT_OBJC_ISA_USAGE = YES_ERROR;
				CLANG_WARN_EMPTY_BODY = YES;
				CLANG_WARN_ENUM_CONVERSION = YES;
				CLANG_WARN_INT_CONVERSION = YES;
				CLANG_WARN_OBJC_ROOT_CLASS = YES_ERROR;
				CLANG_WARN_UNREACHABLE_CODE = YES;
				CLANG_WARN__DUPLICATE_METHOD_MATCH = YES;
				"CODE_SIGN_IDENTITY[sdk=iphoneos*]" = "iPhone Developer";
				COPY_PHASE_STRIP = NO;
				DEBUG_INFORMATION_FORMAT = "dwarf-with-dsym";
				ENABLE_STRICT_OBJC_MSGSEND = YES;
				GCC_C_LANGUAGE_STANDARD = gnu99;
				GCC_DYNAMIC_NO_PIC = NO;
				GCC_NO_COMMON_BLOCKS = YES;
				GCC_OPTIMIZATION_LEVEL = 0;
				GCC_PREPROCESSOR_DEFINITIONS = (
					"DEBUG=1",
					"$(inherited)",
				);
				GCC_SYMBOLS_PRIVATE_EXTERN = NO;
				GCC_WARN_64_TO_32_BIT_CONVERSION = YES;
				GCC_WARN_ABOUT_RETURN_TYPE = YES_ERROR;
				GCC_WARN_UNDECLARED_SELECTOR = YES;
				GCC_WARN_UNINITIALIZED_AUTOS = YES_AGGRESSIVE;
				GCC_WARN_UNUSED_FUNCTION = YES;
				GCC_WARN_UNUSED_VARIABLE = YES;
				IPHONEOS_DEPLOYMENT_TARGET = 8.3;
				MTL_ENABLE_DEBUG_INFO = YES;
				ONLY_ACTIVE_ARCH = YES;
				SDKROOT = iphoneos;
				TARGETED_DEVICE_FAMILY = "1,2";
			};
			name = Debug;
		};
		006412831E780BD4008511DA /* Release */ = {
			isa = XCBuildConfiguration;
			buildSettings = {
				ALWAYS_SEARCH_USER_PATHS = NO;
				CLANG_CXX_LANGUAGE_STANDARD = "gnu++0x";
				CLANG_CXX_LIBRARY = "libc++";
				CLANG_ENABLE_MODULES = YES;
				CLANG_ENABLE_OBJC_ARC = YES;
				CLANG_WARN_BOOL_CONVERSION = YES;
				CLANG_WARN_CONSTANT_CONVERSION = YES;
				CLANG_WARN_DIRECT_OBJC_ISA_USAGE = YES_ERROR;
				CLANG_WARN_EMPTY_BODY = YES;
				CLANG_WARN_ENUM_CONVERSION = YES;
				CLANG_WARN_INT_CONVERSION = YES;
				CLANG_WARN_OBJC_ROOT_CLASS = YES_ERROR;
				CLANG_WARN_UNREACHABLE_CODE = YES;
				CLANG_WARN__DUPLICATE_METHOD_MATCH = YES;
				"CODE_SIGN_IDENTITY[sdk=iphoneos*]" = "iPhone Developer";
				COPY_PHASE_STRIP = NO;
				DEBUG_INFORMATION_FORMAT = "dwarf-with-dsym";
				ENABLE_NS_ASSERTIONS = NO;
				ENABLE_STRICT_OBJC_MSGSEND = YES;
				GCC_C_LANGUAGE_STANDARD = gnu99;
				GCC_NO_COMMON_BLOCKS = YES;
				GCC_WARN_64_TO_32_BIT_CONVERSION = YES;
				GCC_WARN_ABOUT_RETURN_TYPE = YES_ERROR;
				GCC_WARN_UNDECLARED_SELECTOR = YES;
				GCC_WARN_UNINITIALIZED_AUTOS = YES_AGGRESSIVE;
				GCC_WARN_UNUSED_FUNCTION = YES;
				GCC_WARN_UNUSED_VARIABLE = YES;
				IPHONEOS_DEPLOYMENT_TARGET = 8.3;
				MTL_ENABLE_DEBUG_INFO = NO;
				SDKROOT = iphoneos;
				TARGETED_DEVICE_FAMILY = "1,2";
				VALIDATE_PRODUCT = YES;
			};
			name = Release;
		};
		006412851E780BD4008511DA /* Debug */ = {
			isa = XCBuildConfiguration;
			buildSettings = {
				ASSETCATALOG_COMPILER_APPICON_NAME = AppIcon;
				INFOPLIST_FILE = Uiprogresview2017/Info.plist;
				LD_RUNPATH_SEARCH_PATHS = "$(inherited) @executable_path/Frameworks";
				PRODUCT_NAME = "$(TARGET_NAME)";
			};
			name = Debug;
		};
		006412861E780BD4008511DA /* Release */ = {
			isa = XCBuildConfiguration;
			buildSettings = {
				ASSETCATALOG_COMPILER_APPICON_NAME = AppIcon;
				INFOPLIST_FILE = Uiprogresview2017/Info.plist;
				LD_RUNPATH_SEARCH_PATHS = "$(inherited) @executable_path/Frameworks";
				PRODUCT_NAME = "$(TARGET_NAME)";
			};
			name = Release;
		};
		006412881E780BD4008511DA /* Debug */ = {
			isa = XCBuildConfiguration;
			buildSettings = {
				BUNDLE_LOADER = "$(TEST_HOST)";
				FRAMEWORK_SEARCH_PATHS = (
					"$(SDKROOT)/Developer/Library/Frameworks",
					"$(inherited)",
				);
				GCC_PREPROCESSOR_DEFINITIONS = (
					"DEBUG=1",
					"$(inherited)",
				);
				INFOPLIST_FILE = Uiprogresview2017Tests/Info.plist;
				LD_RUNPATH_SEARCH_PATHS = "$(inherited) @executable_path/Frameworks @loader_path/Frameworks";
				PRODUCT_NAME = "$(TARGET_NAME)";
				TEST_HOST = "$(BUILT_PRODUCTS_DIR)/Uiprogresview2017.app/Uiprogresview2017";
			};
			name = Debug;
		};
		006412891E780BD4008511DA /* Release */ = {
			isa = XCBuildConfiguration;
			buildSettings = {
				BUNDLE_LOADER = "$(TEST_HOST)";
				FRAMEWORK_SEARCH_PATHS = (
					"$(SDKROOT)/Developer/Library/Frameworks",
					"$(inherited)",
				);
				INFOPLIST_FILE = Uiprogresview2017Tests/Info.plist;
				LD_RUNPATH_SEARCH_PATHS = "$(inherited) @executable_path/Frameworks @loader_path/Frameworks";
				PRODUCT_NAME = "$(TARGET_NAME)";
				TEST_HOST = "$(BUILT_PRODUCTS_DIR)/Uiprogresview2017.app/Uiprogresview2017";
			};
			name = Release;
		};
/* End XCBuildConfiguration section */

/* Begin XCConfigurationList section */
		0064125C1E780BD3008511DA /* Build configuration list for PBXProject "Uiprogresview2017" */ = {
			isa = XCConfigurationList;
			buildConfigurations = (
				006412821E780BD4008511DA /* Debug */,
				006412831E780BD4008511DA /* Release */,
			);
			defaultConfigurationIsVisible = 0;
			defaultConfigurationName = Release;
		};
		006412841E780BD4008511DA /* Build configuration list for PBXNativeTarget "Uiprogresview2017" */ = {
			isa = XCConfigurationList;
			buildConfigurations = (
				006412851E780BD4008511DA /* Debug */,
				006412861E780BD4008511DA /* Release */,
			);
			defaultConfigurationIsVisible = 0;
		};
		006412871E780BD4008511DA /* Build configuration list for PBXNativeTarget "Uiprogresview2017Tests" */ = {
			isa = XCConfigurationList;
			buildConfigurations = (
				006412881E780BD4008511DA /* Debug */,
				006412891E780BD4008511DA /* Release */,
			);
			defaultConfigurationIsVisible = 0;
		};
/* End XCConfigurationList section */
	};
	rootObject = 006412591E780BD3008511DA /* Project object */;
}
