// !$*UTF8*$!
{
	archiveVersion = 1;
	classes = {
	};
	objectVersion = 46;
	objects = {

/* Begin PBXBuildFile section */
		00C0B3961E9A23CE00A9D859 /* main.m in Sources */ = {isa = PBXBuildFile; fileRef = 00C0B3951E9A23CE00A9D859 /* main.m */; };
		00C0B3991E9A23CE00A9D859 /* AppDelegate.m in Sources */ = {isa = PBXBuildFile; fileRef = 00C0B3981E9A23CE00A9D859 /* AppDelegate.m */; };
		00C0B39C1E9A23CE00A9D859 /* ViewController.m in Sources */ = {isa = PBXBuildFile; fileRef = 00C0B39B1E9A23CE00A9D859 /* ViewController.m */; };
		00C0B39F1E9A23CE00A9D859 /* Main.storyboard in Resources */ = {isa = PBXBuildFile; fileRef = 00C0B39D1E9A23CE00A9D859 /* Main.storyboard */; };
		00C0B3A11E9A23CE00A9D859 /* Images.xcassets in Resources */ = {isa = PBXBuildFile; fileRef = 00C0B3A01E9A23CE00A9D859 /* Images.xcassets */; };
		00C0B3A41E9A23CE00A9D859 /* LaunchScreen.xib in Resources */ = {isa = PBXBuildFile; fileRef = 00C0B3A21E9A23CE00A9D859 /* LaunchScreen.xib */; };
		00C0B3B01E9A23CE00A9D859 /* WebserviecPrasadvdpTests.m in Sources */ = {isa = PBXBuildFile; fileRef = 00C0B3AF1E9A23CE00A9D859 /* WebserviecPrasadvdpTests.m */; };
/* End PBXBuildFile section */

/* Begin PBXContainerItemProxy section */
		00C0B3AA1E9A23CE00A9D859 /* PBXContainerItemProxy */ = {
			isa = PBXContainerItemProxy;
			containerPortal = 00C0B3881E9A23CE00A9D859 /* Project object */;
			proxyType = 1;
			remoteGlobalIDString = 00C0B38F1E9A23CE00A9D859;
			remoteInfo = WebserviecPrasadvdp;
		};
/* End PBXContainerItemProxy section */

/* Begin PBXFileReference section */
		00C0B3901E9A23CE00A9D859 /* WebserviecPrasadvdp.app */ = {isa = PBXFileReference; explicitFileType = wrapper.application; includeInIndex = 0; path = WebserviecPrasadvdp.app; sourceTree = BUILT_PRODUCTS_DIR; };
		00C0B3941E9A23CE00A9D859 /* Info.plist */ = {isa = PBXFileReference; lastKnownFileType = text.plist.xml; path = Info.plist; sourceTree = "<group>"; };
		00C0B3951E9A23CE00A9D859 /* main.m */ = {isa = PBXFileReference; lastKnownFileType = sourcecode.c.objc; path = main.m; sourceTree = "<group>"; };
		00C0B3971E9A23CE00A9D859 /* AppDelegate.h */ = {isa = PBXFileReference; lastKnownFileType = sourcecode.c.h; path = AppDelegate.h; sourceTree = "<group>"; };
		00C0B3981E9A23CE00A9D859 /* AppDelegate.m */ = {isa = PBXFileReference; lastKnownFileType = sourcecode.c.objc; path = AppDelegate.m; sourceTree = "<group>"; };
		00C0B39A1E9A23CE00A9D859 /* ViewController.h */ = {isa = PBXFileReference; lastKnownFileType = sourcecode.c.h; path = ViewController.h; sourceTree = "<group>"; };
		00C0B39B1E9A23CE00A9D859 /* ViewController.m */ = {isa = PBXFileReference; lastKnownFileType = sourcecode.c.objc; path = ViewController.m; sourceTree = "<group>"; };
		00C0B39E1E9A23CE00A9D859 /* Base */ = {isa = PBXFileReference; lastKnownFileType = file.storyboard; name = Base; path = Base.lproj/Main.storyboard; sourceTree = "<group>"; };
		00C0B3A01E9A23CE00A9D859 /* Images.xcassets */ = {isa = PBXFileReference; lastKnownFileType = folder.assetcatalog; path = Images.xcassets; sourceTree = "<group>"; };
		00C0B3A31E9A23CE00A9D859 /* Base */ = {isa = PBXFileReference; lastKnownFileType = file.xib; name = Base; path = Base.lproj/LaunchScreen.xib; sourceTree = "<group>"; };
		00C0B3A91E9A23CE00A9D859 /* WebserviecPrasadvdpTests.xctest */ = {isa = PBXFileReference; explicitFileType = wrapper.cfbundle; includeInIndex = 0; path = WebserviecPrasadvdpTests.xctest; sourceTree = BUILT_PRODUCTS_DIR; };
		00C0B3AE1E9A23CE00A9D859 /* Info.plist */ = {isa = PBXFileReference; lastKnownFileType = text.plist.xml; path = Info.plist; sourceTree = "<group>"; };
		00C0B3AF1E9A23CE00A9D859 /* WebserviecPrasadvdpTests.m */ = {isa = PBXFileReference; lastKnownFileType = sourcecode.c.objc; path = WebserviecPrasadvdpTests.m; sourceTree = "<group>"; };
/* End PBXFileReference section */

/* Begin PBXFrameworksBuildPhase section */
		00C0B38D1E9A23CE00A9D859 /* Frameworks */ = {
			isa = PBXFrameworksBuildPhase;
			buildActionMask = 2147483647;
			files = (
			);
			runOnlyForDeploymentPostprocessing = 0;
		};
		00C0B3A61E9A23CE00A9D859 /* Frameworks */ = {
			isa = PBXFrameworksBuildPhase;
			buildActionMask = 2147483647;
			files = (
			);
			runOnlyForDeploymentPostprocessing = 0;
		};
/* End PBXFrameworksBuildPhase section */

/* Begin PBXGroup section */
		00C0B3871E9A23CE00A9D859 = {
			isa = PBXGroup;
			children = (
				00C0B3921E9A23CE00A9D859 /* WebserviecPrasadvdp */,
				00C0B3AC1E9A23CE00A9D859 /* WebserviecPrasadvdpTests */,
				00C0B3911E9A23CE00A9D859 /* Products */,
			);
			sourceTree = "<group>";
		};
		00C0B3911E9A23CE00A9D859 /* Products */ = {
			isa = PBXGroup;
			children = (
				00C0B3901E9A23CE00A9D859 /* WebserviecPrasadvdp.app */,
				00C0B3A91E9A23CE00A9D859 /* WebserviecPrasadvdpTests.xctest */,
			);
			name = Products;
			sourceTree = "<group>";
		};
		00C0B3921E9A23CE00A9D859 /* WebserviecPrasadvdp */ = {
			isa = PBXGroup;
			children = (
				00C0B3971E9A23CE00A9D859 /* AppDelegate.h */,
				00C0B3981E9A23CE00A9D859 /* AppDelegate.m */,
				00C0B39A1E9A23CE00A9D859 /* ViewController.h */,
				00C0B39B1E9A23CE00A9D859 /* ViewController.m */,
				00C0B39D1E9A23CE00A9D859 /* Main.storyboard */,
				00C0B3A01E9A23CE00A9D859 /* Images.xcassets */,
				00C0B3A21E9A23CE00A9D859 /* LaunchScreen.xib */,
				00C0B3931E9A23CE00A9D859 /* Supporting Files */,
			);
			path = WebserviecPrasadvdp;
			sourceTree = "<group>";
		};
		00C0B3931E9A23CE00A9D859 /* Supporting Files */ = {
			isa = PBXGroup;
			children = (
				00C0B3941E9A23CE00A9D859 /* Info.plist */,
				00C0B3951E9A23CE00A9D859 /* main.m */,
			);
			name = "Supporting Files";
			sourceTree = "<group>";
		};
		00C0B3AC1E9A23CE00A9D859 /* WebserviecPrasadvdpTests */ = {
			isa = PBXGroup;
			children = (
				00C0B3AF1E9A23CE00A9D859 /* WebserviecPrasadvdpTests.m */,
				00C0B3AD1E9A23CE00A9D859 /* Supporting Files */,
			);
			path = WebserviecPrasadvdpTests;
			sourceTree = "<group>";
		};
		00C0B3AD1E9A23CE00A9D859 /* Supporting Files */ = {
			isa = PBXGroup;
			children = (
				00C0B3AE1E9A23CE00A9D859 /* Info.plist */,
			);
			name = "Supporting Files";
			sourceTree = "<group>";
		};
/* End PBXGroup section */

/* Begin PBXNativeTarget section */
		00C0B38F1E9A23CE00A9D859 /* WebserviecPrasadvdp */ = {
			isa = PBXNativeTarget;
			buildConfigurationList = 00C0B3B31E9A23CE00A9D859 /* Build configuration list for PBXNativeTarget "WebserviecPrasadvdp" */;
			buildPhases = (
				00C0B38C1E9A23CE00A9D859 /* Sources */,
				00C0B38D1E9A23CE00A9D859 /* Frameworks */,
				00C0B38E1E9A23CE00A9D859 /* Resources */,
			);
			buildRules = (
			);
			dependencies = (
			);
			name = WebserviecPrasadvdp;
			productName = WebserviecPrasadvdp;
			productReference = 00C0B3901E9A23CE00A9D859 /* WebserviecPrasadvdp.app */;
			productType = "com.apple.product-type.application";
		};
		00C0B3A81E9A23CE00A9D859 /* WebserviecPrasadvdpTests */ = {
			isa = PBXNativeTarget;
			buildConfigurationList = 00C0B3B61E9A23CE00A9D859 /* Build configuration list for PBXNativeTarget "WebserviecPrasadvdpTests" */;
			buildPhases = (
				00C0B3A51E9A23CE00A9D859 /* Sources */,
				00C0B3A61E9A23CE00A9D859 /* Frameworks */,
				00C0B3A71E9A23CE00A9D859 /* Resources */,
			);
			buildRules = (
			);
			dependencies = (
				00C0B3AB1E9A23CE00A9D859 /* PBXTargetDependency */,
			);
			name = WebserviecPrasadvdpTests;
			productName = WebserviecPrasadvdpTests;
			productReference = 00C0B3A91E9A23CE00A9D859 /* WebserviecPrasadvdpTests.xctest */;
			productType = "com.apple.product-type.bundle.unit-test";
		};
/* End PBXNativeTarget section */

/* Begin PBXProject section */
		00C0B3881E9A23CE00A9D859 /* Project object */ = {
			isa = PBXProject;
			attributes = {
				LastUpgradeCheck = 0630;
				ORGANIZATIONNAME = mine;
				TargetAttributes = {
					00C0B38F1E9A23CE00A9D859 = {
						CreatedOnToolsVersion = 6.3.2;
					};
					00C0B3A81E9A23CE00A9D859 = {
						CreatedOnToolsVersion = 6.3.2;
						TestTargetID = 00C0B38F1E9A23CE00A9D859;
					};
				};
			};
			buildConfigurationList = 00C0B38B1E9A23CE00A9D859 /* Build configuration list for PBXProject "WebserviecPrasadvdp" */;
			compatibilityVersion = "Xcode 3.2";
			developmentRegion = English;
			hasScannedForEncodings = 0;
			knownRegions = (
				en,
				Base,
			);
			mainGroup = 00C0B3871E9A23CE00A9D859;
			productRefGroup = 00C0B3911E9A23CE00A9D859 /* Products */;
			projectDirPath = "";
			projectRoot = "";
			targets = (
				00C0B38F1E9A23CE00A9D859 /* WebserviecPrasadvdp */,
				00C0B3A81E9A23CE00A9D859 /* WebserviecPrasadvdpTests */,
			);
		};
/* End PBXProject section */

/* Begin PBXResourcesBuildPhase section */
		00C0B38E1E9A23CE00A9D859 /* Resources */ = {
			isa = PBXResourcesBuildPhase;
			buildActionMask = 2147483647;
			files = (
				00C0B39F1E9A23CE00A9D859 /* Main.storyboard in Resources */,
				00C0B3A41E9A23CE00A9D859 /* LaunchScreen.xib in Resources */,
				00C0B3A11E9A23CE00A9D859 /* Images.xcassets in Resources */,
			);
			runOnlyForDeploymentPostprocessing = 0;
		};
		00C0B3A71E9A23CE00A9D859 /* Resources */ = {
			isa = PBXResourcesBuildPhase;
			buildActionMask = 2147483647;
			files = (
			);
			runOnlyForDeploymentPostprocessing = 0;
		};
/* End PBXResourcesBuildPhase section */

/* Begin PBXSourcesBuildPhase section */
		00C0B38C1E9A23CE00A9D859 /* Sources */ = {
			isa = PBXSourcesBuildPhase;
			buildActionMask = 2147483647;
			files = (
				00C0B39C1E9A23CE00A9D859 /* ViewController.m in Sources */,
				00C0B3991E9A23CE00A9D859 /* AppDelegate.m in Sources */,
				00C0B3961E9A23CE00A9D859 /* main.m in Sources */,
			);
			runOnlyForDeploymentPostprocessing = 0;
		};
		00C0B3A51E9A23CE00A9D859 /* Sources */ = {
			isa = PBXSourcesBuildPhase;
			buildActionMask = 2147483647;
			files = (
				00C0B3B01E9A23CE00A9D859 /* WebserviecPrasadvdpTests.m in Sources */,
			);
			runOnlyForDeploymentPostprocessing = 0;
		};
/* End PBXSourcesBuildPhase section */

/* Begin PBXTargetDependency section */
		00C0B3AB1E9A23CE00A9D859 /* PBXTargetDependency */ = {
			isa = PBXTargetDependency;
			target = 00C0B38F1E9A23CE00A9D859 /* WebserviecPrasadvdp */;
			targetProxy = 00C0B3AA1E9A23CE00A9D859 /* PBXContainerItemProxy */;
		};
/* End PBXTargetDependency section */

/* Begin PBXVariantGroup section */
		00C0B39D1E9A23CE00A9D859 /* Main.storyboard */ = {
			isa = PBXVariantGroup;
			children = (
				00C0B39E1E9A23CE00A9D859 /* Base */,
			);
			name = Main.storyboard;
			sourceTree = "<group>";
		};
		00C0B3A21E9A23CE00A9D859 /* LaunchScreen.xib */ = {
			isa = PBXVariantGroup;
			children = (
				00C0B3A31E9A23CE00A9D859 /* Base */,
			);
			name = LaunchScreen.xib;
			sourceTree = "<group>";
		};
/* End PBXVariantGroup section */

/* Begin XCBuildConfiguration section */
		00C0B3B11E9A23CE00A9D859 /* Debug */ = {
			isa = XCBuildConfiguration;
			buildSettings = {
				ALWAYS_SEARCH_USER_PATHS = NO;
				CLANG_CXX_LANGUAGE_STANDARD = "gnu++0x";
				CLANG_CXX_LIBRARY = "libc++";
				CLANG_ENABLE_MODULES = YES;
				CLANG_ENABLE_OBJC_ARC = YES;
				CLANG_WARN_BOOL_CONVERSION = YES;
				CLANG_WARN_CONSTANT_CONVERSION = YES;
				CLANG_WARN_DIRECT_OBJC_ISA_USAGE = YES_ERROR;
				CLANG_WARN_EMPTY_BODY = YES;
				CLANG_WARN_ENUM_CONVERSION = YES;
				CLANG_WARN_INT_CONVERSION = YES;
				CLANG_WARN_OBJC_ROOT_CLASS = YES_ERROR;
				CLANG_WARN_UNREACHABLE_CODE = YES;
				CLANG_WARN__DUPLICATE_METHOD_MATCH = YES;
				"CODE_SIGN_IDENTITY[sdk=iphoneos*]" = "iPhone Developer";
				COPY_PHASE_STRIP = NO;
				DEBUG_INFORMATION_FORMAT = "dwarf-with-dsym";
				ENABLE_STRICT_OBJC_MSGSEND = YES;
				GCC_C_LANGUAGE_STANDARD = gnu99;
				GCC_DYNAMIC_NO_PIC = NO;
				GCC_NO_COMMON_BLOCKS = YES;
				GCC_OPTIMIZATION_LEVEL = 0;
				GCC_PREPROCESSOR_DEFINITIONS = (
					"DEBUG=1",
					"$(inherited)",
				);
				GCC_SYMBOLS_PRIVATE_EXTERN = NO;
				GCC_WARN_64_TO_32_BIT_CONVERSION = YES;
				GCC_WARN_ABOUT_RETURN_TYPE = YES_ERROR;
				GCC_WARN_UNDECLARED_SELECTOR = YES;
				GCC_WARN_UNINITIALIZED_AUTOS = YES_AGGRESSIVE;
				GCC_WARN_UNUSED_FUNCTION = YES;
				GCC_WARN_UNUSED_VARIABLE = YES;
				IPHONEOS_DEPLOYMENT_TARGET = 8.3;
				MTL_ENABLE_DEBUG_INFO = YES;
				ONLY_ACTIVE_ARCH = YES;
				SDKROOT = iphoneos;
				TARGETED_DEVICE_FAMILY = "1,2";
			};
			name = Debug;
		};
		00C0B3B21E9A23CE00A9D859 /* Release */ = {
			isa = XCBuildConfiguration;
			buildSettings = {
				ALWAYS_SEARCH_USER_PATHS = NO;
				CLANG_CXX_LANGUAGE_STANDARD = "gnu++0x";
				CLANG_CXX_LIBRARY = "libc++";
				CLANG_ENABLE_MODULES = YES;
				CLANG_ENABLE_OBJC_ARC = YES;
				CLANG_WARN_BOOL_CONVERSION = YES;
				CLANG_WARN_CONSTANT_CONVERSION = YES;
				CLANG_WARN_DIRECT_OBJC_ISA_USAGE = YES_ERROR;
				CLANG_WARN_EMPTY_BODY = YES;
				CLANG_WARN_ENUM_CONVERSION = YES;
				CLANG_WARN_INT_CONVERSION = YES;
				CLANG_WARN_OBJC_ROOT_CLASS = YES_ERROR;
				CLANG_WARN_UNREACHABLE_CODE = YES;
				CLANG_WARN__DUPLICATE_METHOD_MATCH = YES;
				"CODE_SIGN_IDENTITY[sdk=iphoneos*]" = "iPhone Developer";
				COPY_PHASE_STRIP = NO;
				DEBUG_INFORMATION_FORMAT = "dwarf-with-dsym";
				ENABLE_NS_ASSERTIONS = NO;
				ENABLE_STRICT_OBJC_MSGSEND = YES;
				GCC_C_LANGUAGE_STANDARD = gnu99;
				GCC_NO_COMMON_BLOCKS = YES;
				GCC_WARN_64_TO_32_BIT_CONVERSION = YES;
				GCC_WARN_ABOUT_RETURN_TYPE = YES_ERROR;
				GCC_WARN_UNDECLARED_SELECTOR = YES;
				GCC_WARN_UNINITIALIZED_AUTOS = YES_AGGRESSIVE;
				GCC_WARN_UNUSED_FUNCTION = YES;
				GCC_WARN_UNUSED_VARIABLE = YES;
				IPHONEOS_DEPLOYMENT_TARGET = 8.3;
				MTL_ENABLE_DEBUG_INFO = NO;
				SDKROOT = iphoneos;
				TARGETED_DEVICE_FAMILY = "1,2";
				VALIDATE_PRODUCT = YES;
			};
			name = Release;
		};
		00C0B3B41E9A23CE00A9D859 /* Debug */ = {
			isa = XCBuildConfiguration;
			buildSettings = {
				ASSETCATALOG_COMPILER_APPICON_NAME = AppIcon;
				INFOPLIST_FILE = WebserviecPrasadvdp/Info.plist;
				LD_RUNPATH_SEARCH_PATHS = "$(inherited) @executable_path/Frameworks";
				PRODUCT_NAME = "$(TARGET_NAME)";
			};
			name = Debug;
		};
		00C0B3B51E9A23CE00A9D859 /* Release */ = {
			isa = XCBuildConfiguration;
			buildSettings = {
				ASSETCATALOG_COMPILER_APPICON_NAME = AppIcon;
				INFOPLIST_FILE = WebserviecPrasadvdp/Info.plist;
				LD_RUNPATH_SEARCH_PATHS = "$(inherited) @executable_path/Frameworks";
				PRODUCT_NAME = "$(TARGET_NAME)";
			};
			name = Release;
		};
		00C0B3B71E9A23CE00A9D859 /* Debug */ = {
			isa = XCBuildConfiguration;
			buildSettings = {
				BUNDLE_LOADER = "$(TEST_HOST)";
				FRAMEWORK_SEARCH_PATHS = (
					"$(SDKROOT)/Developer/Library/Frameworks",
					"$(inherited)",
				);
				GCC_PREPROCESSOR_DEFINITIONS = (
					"DEBUG=1",
					"$(inherited)",
				);
				INFOPLIST_FILE = WebserviecPrasadvdpTests/Info.plist;
				LD_RUNPATH_SEARCH_PATHS = "$(inherited) @executable_path/Frameworks @loader_path/Frameworks";
				PRODUCT_NAME = "$(TARGET_NAME)";
				TEST_HOST = "$(BUILT_PRODUCTS_DIR)/WebserviecPrasadvdp.app/WebserviecPrasadvdp";
			};
			name = Debug;
		};
		00C0B3B81E9A23CE00A9D859 /* Release */ = {
			isa = XCBuildConfiguration;
			buildSettings = {
				BUNDLE_LOADER = "$(TEST_HOST)";
				FRAMEWORK_SEARCH_PATHS = (
					"$(SDKROOT)/Developer/Library/Frameworks",
					"$(inherited)",
				);
				INFOPLIST_FILE = WebserviecPrasadvdpTests/Info.plist;
				LD_RUNPATH_SEARCH_PATHS = "$(inherited) @executable_path/Frameworks @loader_path/Frameworks";
				PRODUCT_NAME = "$(TARGET_NAME)";
				TEST_HOST = "$(BUILT_PRODUCTS_DIR)/WebserviecPrasadvdp.app/WebserviecPrasadvdp";
			};
			name = Release;
		};
/* End XCBuildConfiguration section */

/* Begin XCConfigurationList section */
		00C0B38B1E9A23CE00A9D859 /* Build configuration list for PBXProject "WebserviecPrasadvdp" */ = {
			isa = XCConfigurationList;
			buildConfigurations = (
				00C0B3B11E9A23CE00A9D859 /* Debug */,
				00C0B3B21E9A23CE00A9D859 /* Release */,
			);
			defaultConfigurationIsVisible = 0;
			defaultConfigurationName = Release;
		};
		00C0B3B31E9A23CE00A9D859 /* Build configuration list for PBXNativeTarget "WebserviecPrasadvdp" */ = {
			isa = XCConfigurationList;
			buildConfigurations = (
				00C0B3B41E9A23CE00A9D859 /* Debug */,
				00C0B3B51E9A23CE00A9D859 /* Release */,
			);
			defaultConfigurationIsVisible = 0;
		};
		00C0B3B61E9A23CE00A9D859 /* Build configuration list for PBXNativeTarget "WebserviecPrasadvdpTests" */ = {
			isa = XCConfigurationList;
			buildConfigurations = (
				00C0B3B71E9A23CE00A9D859 /* Debug */,
				00C0B3B81E9A23CE00A9D859 /* Release */,
			);
			defaultConfigurationIsVisible = 0;
		};
/* End XCConfigurationList section */
	};
	rootObject = 00C0B3881E9A23CE00A9D859 /* Project object */;
}
