// !$*UTF8*$!
{
	archiveVersion = 1;
	classes = {
	};
	objectVersion = 46;
	objects = {

/* Begin PBXBuildFile section */
		003ADE0A1E79C374007159FE /* main.m in Sources */ = {isa = PBXBuildFile; fileRef = 003ADE091E79C374007159FE /* main.m */; };
		003ADE0D1E79C374007159FE /* AppDelegate.m in Sources */ = {isa = PBXBuildFile; fileRef = 003ADE0C1E79C374007159FE /* AppDelegate.m */; };
		003ADE101E79C374007159FE /* ViewController.m in Sources */ = {isa = PBXBuildFile; fileRef = 003ADE0F1E79C374007159FE /* ViewController.m */; };
		003ADE131E79C374007159FE /* Main.storyboard in Resources */ = {isa = PBXBuildFile; fileRef = 003ADE111E79C374007159FE /* Main.storyboard */; };
		003ADE151E79C374007159FE /* Images.xcassets in Resources */ = {isa = PBXBuildFile; fileRef = 003ADE141E79C374007159FE /* Images.xcassets */; };
		003ADE181E79C374007159FE /* LaunchScreen.xib in Resources */ = {isa = PBXBuildFile; fileRef = 003ADE161E79C374007159FE /* LaunchScreen.xib */; };
		003ADE241E79C374007159FE /* StoryboardWithIdentifierTests.m in Sources */ = {isa = PBXBuildFile; fileRef = 003ADE231E79C374007159FE /* StoryboardWithIdentifierTests.m */; };
		003ADE2F1E79C448007159FE /* SecondViewController.m in Sources */ = {isa = PBXBuildFile; fileRef = 003ADE2E1E79C448007159FE /* SecondViewController.m */; };
/* End PBXBuildFile section */

/* Begin PBXContainerItemProxy section */
		003ADE1E1E79C374007159FE /* PBXContainerItemProxy */ = {
			isa = PBXContainerItemProxy;
			containerPortal = 003ADDFC1E79C374007159FE /* Project object */;
			proxyType = 1;
			remoteGlobalIDString = 003ADE031E79C374007159FE;
			remoteInfo = StoryboardWithIdentifier;
		};
/* End PBXContainerItemProxy section */

/* Begin PBXFileReference section */
		003ADE041E79C374007159FE /* StoryboardWithIdentifier.app */ = {isa = PBXFileReference; explicitFileType = wrapper.application; includeInIndex = 0; path = StoryboardWithIdentifier.app; sourceTree = BUILT_PRODUCTS_DIR; };
		003ADE081E79C374007159FE /* Info.plist */ = {isa = PBXFileReference; lastKnownFileType = text.plist.xml; path = Info.plist; sourceTree = "<group>"; };
		003ADE091E79C374007159FE /* main.m */ = {isa = PBXFileReference; lastKnownFileType = sourcecode.c.objc; path = main.m; sourceTree = "<group>"; };
		003ADE0B1E79C374007159FE /* AppDelegate.h */ = {isa = PBXFileReference; lastKnownFileType = sourcecode.c.h; path = AppDelegate.h; sourceTree = "<group>"; };
		003ADE0C1E79C374007159FE /* AppDelegate.m */ = {isa = PBXFileReference; lastKnownFileType = sourcecode.c.objc; path = AppDelegate.m; sourceTree = "<group>"; };
		003ADE0E1E79C374007159FE /* ViewController.h */ = {isa = PBXFileReference; lastKnownFileType = sourcecode.c.h; path = ViewController.h; sourceTree = "<group>"; };
		003ADE0F1E79C374007159FE /* ViewController.m */ = {isa = PBXFileReference; lastKnownFileType = sourcecode.c.objc; path = ViewController.m; sourceTree = "<group>"; };
		003ADE121E79C374007159FE /* Base */ = {isa = PBXFileReference; lastKnownFileType = file.storyboard; name = Base; path = Base.lproj/Main.storyboard; sourceTree = "<group>"; };
		003ADE141E79C374007159FE /* Images.xcassets */ = {isa = PBXFileReference; lastKnownFileType = folder.assetcatalog; path = Images.xcassets; sourceTree = "<group>"; };
		003ADE171E79C374007159FE /* Base */ = {isa = PBXFileReference; lastKnownFileType = file.xib; name = Base; path = Base.lproj/LaunchScreen.xib; sourceTree = "<group>"; };
		003ADE1D1E79C374007159FE /* StoryboardWithIdentifierTests.xctest */ = {isa = PBXFileReference; explicitFileType = wrapper.cfbundle; includeInIndex = 0; path = StoryboardWithIdentifierTests.xctest; sourceTree = BUILT_PRODUCTS_DIR; };
		003ADE221E79C374007159FE /* Info.plist */ = {isa = PBXFileReference; lastKnownFileType = text.plist.xml; path = Info.plist; sourceTree = "<group>"; };
		003ADE231E79C374007159FE /* StoryboardWithIdentifierTests.m */ = {isa = PBXFileReference; lastKnownFileType = sourcecode.c.objc; path = StoryboardWithIdentifierTests.m; sourceTree = "<group>"; };
		003ADE2D1E79C448007159FE /* SecondViewController.h */ = {isa = PBXFileReference; fileEncoding = 4; lastKnownFileType = sourcecode.c.h; name = SecondViewController.h; path = ../SecondViewController.h; sourceTree = "<group>"; };
		003ADE2E1E79C448007159FE /* SecondViewController.m */ = {isa = PBXFileReference; fileEncoding = 4; lastKnownFileType = sourcecode.c.objc; name = SecondViewController.m; path = ../SecondViewController.m; sourceTree = "<group>"; };
/* End PBXFileReference section */

/* Begin PBXFrameworksBuildPhase section */
		003ADE011E79C374007159FE /* Frameworks */ = {
			isa = PBXFrameworksBuildPhase;
			buildActionMask = 2147483647;
			files = (
			);
			runOnlyForDeploymentPostprocessing = 0;
		};
		003ADE1A1E79C374007159FE /* Frameworks */ = {
			isa = PBXFrameworksBuildPhase;
			buildActionMask = 2147483647;
			files = (
			);
			runOnlyForDeploymentPostprocessing = 0;
		};
/* End PBXFrameworksBuildPhase section */

/* Begin PBXGroup section */
		003ADDFB1E79C374007159FE = {
			isa = PBXGroup;
			children = (
				003ADE061E79C374007159FE /* StoryboardWithIdentifier */,
				003ADE201E79C374007159FE /* StoryboardWithIdentifierTests */,
				003ADE051E79C374007159FE /* Products */,
			);
			sourceTree = "<group>";
		};
		003ADE051E79C374007159FE /* Products */ = {
			isa = PBXGroup;
			children = (
				003ADE041E79C374007159FE /* StoryboardWithIdentifier.app */,
				003ADE1D1E79C374007159FE /* StoryboardWithIdentifierTests.xctest */,
			);
			name = Products;
			sourceTree = "<group>";
		};
		003ADE061E79C374007159FE /* StoryboardWithIdentifier */ = {
			isa = PBXGroup;
			children = (
				003ADE0B1E79C374007159FE /* AppDelegate.h */,
				003ADE0C1E79C374007159FE /* AppDelegate.m */,
				003ADE0E1E79C374007159FE /* ViewController.h */,
				003ADE0F1E79C374007159FE /* ViewController.m */,
				003ADE111E79C374007159FE /* Main.storyboard */,
				003ADE2D1E79C448007159FE /* SecondViewController.h */,
				003ADE2E1E79C448007159FE /* SecondViewController.m */,
				003ADE141E79C374007159FE /* Images.xcassets */,
				003ADE161E79C374007159FE /* LaunchScreen.xib */,
				003ADE071E79C374007159FE /* Supporting Files */,
			);
			path = StoryboardWithIdentifier;
			sourceTree = "<group>";
		};
		003ADE071E79C374007159FE /* Supporting Files */ = {
			isa = PBXGroup;
			children = (
				003ADE081E79C374007159FE /* Info.plist */,
				003ADE091E79C374007159FE /* main.m */,
			);
			name = "Supporting Files";
			sourceTree = "<group>";
		};
		003ADE201E79C374007159FE /* StoryboardWithIdentifierTests */ = {
			isa = PBXGroup;
			children = (
				003ADE231E79C374007159FE /* StoryboardWithIdentifierTests.m */,
				003ADE211E79C374007159FE /* Supporting Files */,
			);
			path = StoryboardWithIdentifierTests;
			sourceTree = "<group>";
		};
		003ADE211E79C374007159FE /* Supporting Files */ = {
			isa = PBXGroup;
			children = (
				003ADE221E79C374007159FE /* Info.plist */,
			);
			name = "Supporting Files";
			sourceTree = "<group>";
		};
/* End PBXGroup section */

/* Begin PBXNativeTarget section */
		003ADE031E79C374007159FE /* StoryboardWithIdentifier */ = {
			isa = PBXNativeTarget;
			buildConfigurationList = 003ADE271E79C374007159FE /* Build configuration list for PBXNativeTarget "StoryboardWithIdentifier" */;
			buildPhases = (
				003ADE001E79C374007159FE /* Sources */,
				003ADE011E79C374007159FE /* Frameworks */,
				003ADE021E79C374007159FE /* Resources */,
			);
			buildRules = (
			);
			dependencies = (
			);
			name = StoryboardWithIdentifier;
			productName = StoryboardWithIdentifier;
			productReference = 003ADE041E79C374007159FE /* StoryboardWithIdentifier.app */;
			productType = "com.apple.product-type.application";
		};
		003ADE1C1E79C374007159FE /* StoryboardWithIdentifierTests */ = {
			isa = PBXNativeTarget;
			buildConfigurationList = 003ADE2A1E79C374007159FE /* Build configuration list for PBXNativeTarget "StoryboardWithIdentifierTests" */;
			buildPhases = (
				003ADE191E79C374007159FE /* Sources */,
				003ADE1A1E79C374007159FE /* Frameworks */,
				003ADE1B1E79C374007159FE /* Resources */,
			);
			buildRules = (
			);
			dependencies = (
				003ADE1F1E79C374007159FE /* PBXTargetDependency */,
			);
			name = StoryboardWithIdentifierTests;
			productName = StoryboardWithIdentifierTests;
			productReference = 003ADE1D1E79C374007159FE /* StoryboardWithIdentifierTests.xctest */;
			productType = "com.apple.product-type.bundle.unit-test";
		};
/* End PBXNativeTarget section */

/* Begin PBXProject section */
		003ADDFC1E79C374007159FE /* Project object */ = {
			isa = PBXProject;
			attributes = {
				LastUpgradeCheck = 0630;
				ORGANIZATIONNAME = mine;
				TargetAttributes = {
					003ADE031E79C374007159FE = {
						CreatedOnToolsVersion = 6.3.2;
					};
					003ADE1C1E79C374007159FE = {
						CreatedOnToolsVersion = 6.3.2;
						TestTargetID = 003ADE031E79C374007159FE;
					};
				};
			};
			buildConfigurationList = 003ADDFF1E79C374007159FE /* Build configuration list for PBXProject "StoryboardWithIdentifier" */;
			compatibilityVersion = "Xcode 3.2";
			developmentRegion = English;
			hasScannedForEncodings = 0;
			knownRegions = (
				en,
				Base,
			);
			mainGroup = 003ADDFB1E79C374007159FE;
			productRefGroup = 003ADE051E79C374007159FE /* Products */;
			projectDirPath = "";
			projectRoot = "";
			targets = (
				003ADE031E79C374007159FE /* StoryboardWithIdentifier */,
				003ADE1C1E79C374007159FE /* StoryboardWithIdentifierTests */,
			);
		};
/* End PBXProject section */

/* Begin PBXResourcesBuildPhase section */
		003ADE021E79C374007159FE /* Resources */ = {
			isa = PBXResourcesBuildPhase;
			buildActionMask = 2147483647;
			files = (
				003ADE131E79C374007159FE /* Main.storyboard in Resources */,
				003ADE181E79C374007159FE /* LaunchScreen.xib in Resources */,
				003ADE151E79C374007159FE /* Images.xcassets in Resources */,
			);
			runOnlyForDeploymentPostprocessing = 0;
		};
		003ADE1B1E79C374007159FE /* Resources */ = {
			isa = PBXResourcesBuildPhase;
			buildActionMask = 2147483647;
			files = (
			);
			runOnlyForDeploymentPostprocessing = 0;
		};
/* End PBXResourcesBuildPhase section */

/* Begin PBXSourcesBuildPhase section */
		003ADE001E79C374007159FE /* Sources */ = {
			isa = PBXSourcesBuildPhase;
			buildActionMask = 2147483647;
			files = (
				003ADE2F1E79C448007159FE /* SecondViewController.m in Sources */,
				003ADE101E79C374007159FE /* ViewController.m in Sources */,
				003ADE0D1E79C374007159FE /* AppDelegate.m in Sources */,
				003ADE0A1E79C374007159FE /* main.m in Sources */,
			);
			runOnlyForDeploymentPostprocessing = 0;
		};
		003ADE191E79C374007159FE /* Sources */ = {
			isa = PBXSourcesBuildPhase;
			buildActionMask = 2147483647;
			files = (
				003ADE241E79C374007159FE /* StoryboardWithIdentifierTests.m in Sources */,
			);
			runOnlyForDeploymentPostprocessing = 0;
		};
/* End PBXSourcesBuildPhase section */

/* Begin PBXTargetDependency section */
		003ADE1F1E79C374007159FE /* PBXTargetDependency */ = {
			isa = PBXTargetDependency;
			target = 003ADE031E79C374007159FE /* StoryboardWithIdentifier */;
			targetProxy = 003ADE1E1E79C374007159FE /* PBXContainerItemProxy */;
		};
/* End PBXTargetDependency section */

/* Begin PBXVariantGroup section */
		003ADE111E79C374007159FE /* Main.storyboard */ = {
			isa = PBXVariantGroup;
			children = (
				003ADE121E79C374007159FE /* Base */,
			);
			name = Main.storyboard;
			sourceTree = "<group>";
		};
		003ADE161E79C374007159FE /* LaunchScreen.xib */ = {
			isa = PBXVariantGroup;
			children = (
				003ADE171E79C374007159FE /* Base */,
			);
			name = LaunchScreen.xib;
			sourceTree = "<group>";
		};
/* End PBXVariantGroup section */

/* Begin XCBuildConfiguration section */
		003ADE251E79C374007159FE /* Debug */ = {
			isa = XCBuildConfiguration;
			buildSettings = {
				ALWAYS_SEARCH_USER_PATHS = NO;
				CLANG_CXX_LANGUAGE_STANDARD = "gnu++0x";
				CLANG_CXX_LIBRARY = "libc++";
				CLANG_ENABLE_MODULES = YES;
				CLANG_ENABLE_OBJC_ARC = YES;
				CLANG_WARN_BOOL_CONVERSION = YES;
				CLANG_WARN_CONSTANT_CONVERSION = YES;
				CLANG_WARN_DIRECT_OBJC_ISA_USAGE = YES_ERROR;
				CLANG_WARN_EMPTY_BODY = YES;
				CLANG_WARN_ENUM_CONVERSION = YES;
				CLANG_WARN_INT_CONVERSION = YES;
				CLANG_WARN_OBJC_ROOT_CLASS = YES_ERROR;
				CLANG_WARN_UNREACHABLE_CODE = YES;
				CLANG_WARN__DUPLICATE_METHOD_MATCH = YES;
				"CODE_SIGN_IDENTITY[sdk=iphoneos*]" = "iPhone Developer";
				COPY_PHASE_STRIP = NO;
				DEBUG_INFORMATION_FORMAT = "dwarf-with-dsym";
				ENABLE_STRICT_OBJC_MSGSEND = YES;
				GCC_C_LANGUAGE_STANDARD = gnu99;
				GCC_DYNAMIC_NO_PIC = NO;
				GCC_NO_COMMON_BLOCKS = YES;
				GCC_OPTIMIZATION_LEVEL = 0;
				GCC_PREPROCESSOR_DEFINITIONS = (
					"DEBUG=1",
					"$(inherited)",
				);
				GCC_SYMBOLS_PRIVATE_EXTERN = NO;
				GCC_WARN_64_TO_32_BIT_CONVERSION = YES;
				GCC_WARN_ABOUT_RETURN_TYPE = YES_ERROR;
				GCC_WARN_UNDECLARED_SELECTOR = YES;
				GCC_WARN_UNINITIALIZED_AUTOS = YES_AGGRESSIVE;
				GCC_WARN_UNUSED_FUNCTION = YES;
				GCC_WARN_UNUSED_VARIABLE = YES;
				IPHONEOS_DEPLOYMENT_TARGET = 8.3;
				MTL_ENABLE_DEBUG_INFO = YES;
				ONLY_ACTIVE_ARCH = YES;
				SDKROOT = iphoneos;
				TARGETED_DEVICE_FAMILY = "1,2";
			};
			name = Debug;
		};
		003ADE261E79C374007159FE /* Release */ = {
			isa = XCBuildConfiguration;
			buildSettings = {
				ALWAYS_SEARCH_USER_PATHS = NO;
				CLANG_CXX_LANGUAGE_STANDARD = "gnu++0x";
				CLANG_CXX_LIBRARY = "libc++";
				CLANG_ENABLE_MODULES = YES;
				CLANG_ENABLE_OBJC_ARC = YES;
				CLANG_WARN_BOOL_CONVERSION = YES;
				CLANG_WARN_CONSTANT_CONVERSION = YES;
				CLANG_WARN_DIRECT_OBJC_ISA_USAGE = YES_ERROR;
				CLANG_WARN_EMPTY_BODY = YES;
				CLANG_WARN_ENUM_CONVERSION = YES;
				CLANG_WARN_INT_CONVERSION = YES;
				CLANG_WARN_OBJC_ROOT_CLASS = YES_ERROR;
				CLANG_WARN_UNREACHABLE_CODE = YES;
				CLANG_WARN__DUPLICATE_METHOD_MATCH = YES;
				"CODE_SIGN_IDENTITY[sdk=iphoneos*]" = "iPhone Developer";
				COPY_PHASE_STRIP = NO;
				DEBUG_INFORMATION_FORMAT = "dwarf-with-dsym";
				ENABLE_NS_ASSERTIONS = NO;
				ENABLE_STRICT_OBJC_MSGSEND = YES;
				GCC_C_LANGUAGE_STANDARD = gnu99;
				GCC_NO_COMMON_BLOCKS = YES;
				GCC_WARN_64_TO_32_BIT_CONVERSION = YES;
				GCC_WARN_ABOUT_RETURN_TYPE = YES_ERROR;
				GCC_WARN_UNDECLARED_SELECTOR = YES;
				GCC_WARN_UNINITIALIZED_AUTOS = YES_AGGRESSIVE;
				GCC_WARN_UNUSED_FUNCTION = YES;
				GCC_WARN_UNUSED_VARIABLE = YES;
				IPHONEOS_DEPLOYMENT_TARGET = 8.3;
				MTL_ENABLE_DEBUG_INFO = NO;
				SDKROOT = iphoneos;
				TARGETED_DEVICE_FAMILY = "1,2";
				VALIDATE_PRODUCT = YES;
			};
			name = Release;
		};
		003ADE281E79C374007159FE /* Debug */ = {
			isa = XCBuildConfiguration;
			buildSettings = {
				ASSETCATALOG_COMPILER_APPICON_NAME = AppIcon;
				INFOPLIST_FILE = StoryboardWithIdentifier/Info.plist;
				LD_RUNPATH_SEARCH_PATHS = "$(inherited) @executable_path/Frameworks";
				PRODUCT_NAME = "$(TARGET_NAME)";
			};
			name = Debug;
		};
		003ADE291E79C374007159FE /* Release */ = {
			isa = XCBuildConfiguration;
			buildSettings = {
				ASSETCATALOG_COMPILER_APPICON_NAME = AppIcon;
				INFOPLIST_FILE = StoryboardWithIdentifier/Info.plist;
				LD_RUNPATH_SEARCH_PATHS = "$(inherited) @executable_path/Frameworks";
				PRODUCT_NAME = "$(TARGET_NAME)";
			};
			name = Release;
		};
		003ADE2B1E79C374007159FE /* Debug */ = {
			isa = XCBuildConfiguration;
			buildSettings = {
				BUNDLE_LOADER = "$(TEST_HOST)";
				FRAMEWORK_SEARCH_PATHS = (
					"$(SDKROOT)/Developer/Library/Frameworks",
					"$(inherited)",
				);
				GCC_PREPROCESSOR_DEFINITIONS = (
					"DEBUG=1",
					"$(inherited)",
				);
				INFOPLIST_FILE = StoryboardWithIdentifierTests/Info.plist;
				LD_RUNPATH_SEARCH_PATHS = "$(inherited) @executable_path/Frameworks @loader_path/Frameworks";
				PRODUCT_NAME = "$(TARGET_NAME)";
				TEST_HOST = "$(BUILT_PRODUCTS_DIR)/StoryboardWithIdentifier.app/StoryboardWithIdentifier";
			};
			name = Debug;
		};
		003ADE2C1E79C374007159FE /* Release */ = {
			isa = XCBuildConfiguration;
			buildSettings = {
				BUNDLE_LOADER = "$(TEST_HOST)";
				FRAMEWORK_SEARCH_PATHS = (
					"$(SDKROOT)/Developer/Library/Frameworks",
					"$(inherited)",
				);
				INFOPLIST_FILE = StoryboardWithIdentifierTests/Info.plist;
				LD_RUNPATH_SEARCH_PATHS = "$(inherited) @executable_path/Frameworks @loader_path/Frameworks";
				PRODUCT_NAME = "$(TARGET_NAME)";
				TEST_HOST = "$(BUILT_PRODUCTS_DIR)/StoryboardWithIdentifier.app/StoryboardWithIdentifier";
			};
			name = Release;
		};
/* End XCBuildConfiguration section */

/* Begin XCConfigurationList section */
		003ADDFF1E79C374007159FE /* Build configuration list for PBXProject "StoryboardWithIdentifier" */ = {
			isa = XCConfigurationList;
			buildConfigurations = (
				003ADE251E79C374007159FE /* Debug */,
				003ADE261E79C374007159FE /* Release */,
			);
			defaultConfigurationIsVisible = 0;
			defaultConfigurationName = Release;
		};
		003ADE271E79C374007159FE /* Build configuration list for PBXNativeTarget "StoryboardWithIdentifier" */ = {
			isa = XCConfigurationList;
			buildConfigurations = (
				003ADE281E79C374007159FE /* Debug */,
				003ADE291E79C374007159FE /* Release */,
			);
			defaultConfigurationIsVisible = 0;
		};
		003ADE2A1E79C374007159FE /* Build configuration list for PBXNativeTarget "StoryboardWithIdentifierTests" */ = {
			isa = XCConfigurationList;
			buildConfigurations = (
				003ADE2B1E79C374007159FE /* Debug */,
				003ADE2C1E79C374007159FE /* Release */,
			);
			defaultConfigurationIsVisible = 0;
		};
/* End XCConfigurationList section */
	};
	rootObject = 003ADDFC1E79C374007159FE /* Project object */;
}
