// !$*UTF8*$!
{
	archiveVersion = 1;
	classes = {
	};
	objectVersion = 46;
	objects = {

/* Begin PBXBuildFile section */
		00594EB51E701BE200E87AD6 /* main.m in Sources */ = {isa = PBXBuildFile; fileRef = 00594EB41E701BE200E87AD6 /* main.m */; };
		00594EB81E701BE300E87AD6 /* AppDelegate.m in Sources */ = {isa = PBXBuildFile; fileRef = 00594EB71E701BE300E87AD6 /* AppDelegate.m */; };
		00594EBB1E701BE300E87AD6 /* ViewController.m in Sources */ = {isa = PBXBuildFile; fileRef = 00594EBA1E701BE300E87AD6 /* ViewController.m */; };
		00594EBE1E701BE300E87AD6 /* Main.storyboard in Resources */ = {isa = PBXBuildFile; fileRef = 00594EBC1E701BE300E87AD6 /* Main.storyboard */; };
		00594EC01E701BE300E87AD6 /* Images.xcassets in Resources */ = {isa = PBXBuildFile; fileRef = 00594EBF1E701BE300E87AD6 /* Images.xcassets */; };
		00594EC31E701BE300E87AD6 /* LaunchScreen.xib in Resources */ = {isa = PBXBuildFile; fileRef = 00594EC11E701BE300E87AD6 /* LaunchScreen.xib */; };
		00594ECF1E701BE300E87AD6 /* alertviewprasadTests.m in Sources */ = {isa = PBXBuildFile; fileRef = 00594ECE1E701BE300E87AD6 /* alertviewprasadTests.m */; };
/* End PBXBuildFile section */

/* Begin PBXContainerItemProxy section */
		00594EC91E701BE300E87AD6 /* PBXContainerItemProxy */ = {
			isa = PBXContainerItemProxy;
			containerPortal = 00594EA71E701BE200E87AD6 /* Project object */;
			proxyType = 1;
			remoteGlobalIDString = 00594EAE1E701BE200E87AD6;
			remoteInfo = alertviewprasad;
		};
/* End PBXContainerItemProxy section */

/* Begin PBXFileReference section */
		00594EAF1E701BE200E87AD6 /* alertviewprasad.app */ = {isa = PBXFileReference; explicitFileType = wrapper.application; includeInIndex = 0; path = alertviewprasad.app; sourceTree = BUILT_PRODUCTS_DIR; };
		00594EB31E701BE200E87AD6 /* Info.plist */ = {isa = PBXFileReference; lastKnownFileType = text.plist.xml; path = Info.plist; sourceTree = "<group>"; };
		00594EB41E701BE200E87AD6 /* main.m */ = {isa = PBXFileReference; lastKnownFileType = sourcecode.c.objc; path = main.m; sourceTree = "<group>"; };
		00594EB61E701BE300E87AD6 /* AppDelegate.h */ = {isa = PBXFileReference; lastKnownFileType = sourcecode.c.h; path = AppDelegate.h; sourceTree = "<group>"; };
		00594EB71E701BE300E87AD6 /* AppDelegate.m */ = {isa = PBXFileReference; lastKnownFileType = sourcecode.c.objc; path = AppDelegate.m; sourceTree = "<group>"; };
		00594EB91E701BE300E87AD6 /* ViewController.h */ = {isa = PBXFileReference; lastKnownFileType = sourcecode.c.h; path = ViewController.h; sourceTree = "<group>"; };
		00594EBA1E701BE300E87AD6 /* ViewController.m */ = {isa = PBXFileReference; lastKnownFileType = sourcecode.c.objc; path = ViewController.m; sourceTree = "<group>"; };
		00594EBD1E701BE300E87AD6 /* Base */ = {isa = PBXFileReference; lastKnownFileType = file.storyboard; name = Base; path = Base.lproj/Main.storyboard; sourceTree = "<group>"; };
		00594EBF1E701BE300E87AD6 /* Images.xcassets */ = {isa = PBXFileReference; lastKnownFileType = folder.assetcatalog; path = Images.xcassets; sourceTree = "<group>"; };
		00594EC21E701BE300E87AD6 /* Base */ = {isa = PBXFileReference; lastKnownFileType = file.xib; name = Base; path = Base.lproj/LaunchScreen.xib; sourceTree = "<group>"; };
		00594EC81E701BE300E87AD6 /* alertviewprasadTests.xctest */ = {isa = PBXFileReference; explicitFileType = wrapper.cfbundle; includeInIndex = 0; path = alertviewprasadTests.xctest; sourceTree = BUILT_PRODUCTS_DIR; };
		00594ECD1E701BE300E87AD6 /* Info.plist */ = {isa = PBXFileReference; lastKnownFileType = text.plist.xml; path = Info.plist; sourceTree = "<group>"; };
		00594ECE1E701BE300E87AD6 /* alertviewprasadTests.m */ = {isa = PBXFileReference; lastKnownFileType = sourcecode.c.objc; path = alertviewprasadTests.m; sourceTree = "<group>"; };
/* End PBXFileReference section */

/* Begin PBXFrameworksBuildPhase section */
		00594EAC1E701BE200E87AD6 /* Frameworks */ = {
			isa = PBXFrameworksBuildPhase;
			buildActionMask = 2147483647;
			files = (
			);
			runOnlyForDeploymentPostprocessing = 0;
		};
		00594EC51E701BE300E87AD6 /* Frameworks */ = {
			isa = PBXFrameworksBuildPhase;
			buildActionMask = 2147483647;
			files = (
			);
			runOnlyForDeploymentPostprocessing = 0;
		};
/* End PBXFrameworksBuildPhase section */

/* Begin PBXGroup section */
		00594EA61E701BE200E87AD6 = {
			isa = PBXGroup;
			children = (
				00594EB11E701BE200E87AD6 /* alertviewprasad */,
				00594ECB1E701BE300E87AD6 /* alertviewprasadTests */,
				00594EB01E701BE200E87AD6 /* Products */,
			);
			sourceTree = "<group>";
		};
		00594EB01E701BE200E87AD6 /* Products */ = {
			isa = PBXGroup;
			children = (
				00594EAF1E701BE200E87AD6 /* alertviewprasad.app */,
				00594EC81E701BE300E87AD6 /* alertviewprasadTests.xctest */,
			);
			name = Products;
			sourceTree = "<group>";
		};
		00594EB11E701BE200E87AD6 /* alertviewprasad */ = {
			isa = PBXGroup;
			children = (
				00594EB61E701BE300E87AD6 /* AppDelegate.h */,
				00594EB71E701BE300E87AD6 /* AppDelegate.m */,
				00594EB91E701BE300E87AD6 /* ViewController.h */,
				00594EBA1E701BE300E87AD6 /* ViewController.m */,
				00594EBC1E701BE300E87AD6 /* Main.storyboard */,
				00594EBF1E701BE300E87AD6 /* Images.xcassets */,
				00594EC11E701BE300E87AD6 /* LaunchScreen.xib */,
				00594EB21E701BE200E87AD6 /* Supporting Files */,
			);
			path = alertviewprasad;
			sourceTree = "<group>";
		};
		00594EB21E701BE200E87AD6 /* Supporting Files */ = {
			isa = PBXGroup;
			children = (
				00594EB31E701BE200E87AD6 /* Info.plist */,
				00594EB41E701BE200E87AD6 /* main.m */,
			);
			name = "Supporting Files";
			sourceTree = "<group>";
		};
		00594ECB1E701BE300E87AD6 /* alertviewprasadTests */ = {
			isa = PBXGroup;
			children = (
				00594ECE1E701BE300E87AD6 /* alertviewprasadTests.m */,
				00594ECC1E701BE300E87AD6 /* Supporting Files */,
			);
			path = alertviewprasadTests;
			sourceTree = "<group>";
		};
		00594ECC1E701BE300E87AD6 /* Supporting Files */ = {
			isa = PBXGroup;
			children = (
				00594ECD1E701BE300E87AD6 /* Info.plist */,
			);
			name = "Supporting Files";
			sourceTree = "<group>";
		};
/* End PBXGroup section */

/* Begin PBXNativeTarget section */
		00594EAE1E701BE200E87AD6 /* alertviewprasad */ = {
			isa = PBXNativeTarget;
			buildConfigurationList = 00594ED21E701BE300E87AD6 /* Build configuration list for PBXNativeTarget "alertviewprasad" */;
			buildPhases = (
				00594EAB1E701BE200E87AD6 /* Sources */,
				00594EAC1E701BE200E87AD6 /* Frameworks */,
				00594EAD1E701BE200E87AD6 /* Resources */,
			);
			buildRules = (
			);
			dependencies = (
			);
			name = alertviewprasad;
			productName = alertviewprasad;
			productReference = 00594EAF1E701BE200E87AD6 /* alertviewprasad.app */;
			productType = "com.apple.product-type.application";
		};
		00594EC71E701BE300E87AD6 /* alertviewprasadTests */ = {
			isa = PBXNativeTarget;
			buildConfigurationList = 00594ED51E701BE300E87AD6 /* Build configuration list for PBXNativeTarget "alertviewprasadTests" */;
			buildPhases = (
				00594EC41E701BE300E87AD6 /* Sources */,
				00594EC51E701BE300E87AD6 /* Frameworks */,
				00594EC61E701BE300E87AD6 /* Resources */,
			);
			buildRules = (
			);
			dependencies = (
				00594ECA1E701BE300E87AD6 /* PBXTargetDependency */,
			);
			name = alertviewprasadTests;
			productName = alertviewprasadTests;
			productReference = 00594EC81E701BE300E87AD6 /* alertviewprasadTests.xctest */;
			productType = "com.apple.product-type.bundle.unit-test";
		};
/* End PBXNativeTarget section */

/* Begin PBXProject section */
		00594EA71E701BE200E87AD6 /* Project object */ = {
			isa = PBXProject;
			attributes = {
				LastUpgradeCheck = 0630;
				ORGANIZATIONNAME = mine;
				TargetAttributes = {
					00594EAE1E701BE200E87AD6 = {
						CreatedOnToolsVersion = 6.3.2;
					};
					00594EC71E701BE300E87AD6 = {
						CreatedOnToolsVersion = 6.3.2;
						TestTargetID = 00594EAE1E701BE200E87AD6;
					};
				};
			};
			buildConfigurationList = 00594EAA1E701BE200E87AD6 /* Build configuration list for PBXProject "alertviewprasad" */;
			compatibilityVersion = "Xcode 3.2";
			developmentRegion = English;
			hasScannedForEncodings = 0;
			knownRegions = (
				en,
				Base,
			);
			mainGroup = 00594EA61E701BE200E87AD6;
			productRefGroup = 00594EB01E701BE200E87AD6 /* Products */;
			projectDirPath = "";
			projectRoot = "";
			targets = (
				00594EAE1E701BE200E87AD6 /* alertviewprasad */,
				00594EC71E701BE300E87AD6 /* alertviewprasadTests */,
			);
		};
/* End PBXProject section */

/* Begin PBXResourcesBuildPhase section */
		00594EAD1E701BE200E87AD6 /* Resources */ = {
			isa = PBXResourcesBuildPhase;
			buildActionMask = 2147483647;
			files = (
				00594EBE1E701BE300E87AD6 /* Main.storyboard in Resources */,
				00594EC31E701BE300E87AD6 /* LaunchScreen.xib in Resources */,
				00594EC01E701BE300E87AD6 /* Images.xcassets in Resources */,
			);
			runOnlyForDeploymentPostprocessing = 0;
		};
		00594EC61E701BE300E87AD6 /* Resources */ = {
			isa = PBXResourcesBuildPhase;
			buildActionMask = 2147483647;
			files = (
			);
			runOnlyForDeploymentPostprocessing = 0;
		};
/* End PBXResourcesBuildPhase section */

/* Begin PBXSourcesBuildPhase section */
		00594EAB1E701BE200E87AD6 /* Sources */ = {
			isa = PBXSourcesBuildPhase;
			buildActionMask = 2147483647;
			files = (
				00594EBB1E701BE300E87AD6 /* ViewController.m in Sources */,
				00594EB81E701BE300E87AD6 /* AppDelegate.m in Sources */,
				00594EB51E701BE200E87AD6 /* main.m in Sources */,
			);
			runOnlyForDeploymentPostprocessing = 0;
		};
		00594EC41E701BE300E87AD6 /* Sources */ = {
			isa = PBXSourcesBuildPhase;
			buildActionMask = 2147483647;
			files = (
				00594ECF1E701BE300E87AD6 /* alertviewprasadTests.m in Sources */,
			);
			runOnlyForDeploymentPostprocessing = 0;
		};
/* End PBXSourcesBuildPhase section */

/* Begin PBXTargetDependency section */
		00594ECA1E701BE300E87AD6 /* PBXTargetDependency */ = {
			isa = PBXTargetDependency;
			target = 00594EAE1E701BE200E87AD6 /* alertviewprasad */;
			targetProxy = 00594EC91E701BE300E87AD6 /* PBXContainerItemProxy */;
		};
/* End PBXTargetDependency section */

/* Begin PBXVariantGroup section */
		00594EBC1E701BE300E87AD6 /* Main.storyboard */ = {
			isa = PBXVariantGroup;
			children = (
				00594EBD1E701BE300E87AD6 /* Base */,
			);
			name = Main.storyboard;
			sourceTree = "<group>";
		};
		00594EC11E701BE300E87AD6 /* LaunchScreen.xib */ = {
			isa = PBXVariantGroup;
			children = (
				00594EC21E701BE300E87AD6 /* Base */,
			);
			name = LaunchScreen.xib;
			sourceTree = "<group>";
		};
/* End PBXVariantGroup section */

/* Begin XCBuildConfiguration section */
		00594ED01E701BE300E87AD6 /* Debug */ = {
			isa = XCBuildConfiguration;
			buildSettings = {
				ALWAYS_SEARCH_USER_PATHS = NO;
				CLANG_CXX_LANGUAGE_STANDARD = "gnu++0x";
				CLANG_CXX_LIBRARY = "libc++";
				CLANG_ENABLE_MODULES = YES;
				CLANG_ENABLE_OBJC_ARC = YES;
				CLANG_WARN_BOOL_CONVERSION = YES;
				CLANG_WARN_CONSTANT_CONVERSION = YES;
				CLANG_WARN_DIRECT_OBJC_ISA_USAGE = YES_ERROR;
				CLANG_WARN_EMPTY_BODY = YES;
				CLANG_WARN_ENUM_CONVERSION = YES;
				CLANG_WARN_INT_CONVERSION = YES;
				CLANG_WARN_OBJC_ROOT_CLASS = YES_ERROR;
				CLANG_WARN_UNREACHABLE_CODE = YES;
				CLANG_WARN__DUPLICATE_METHOD_MATCH = YES;
				"CODE_SIGN_IDENTITY[sdk=iphoneos*]" = "iPhone Developer";
				COPY_PHASE_STRIP = NO;
				DEBUG_INFORMATION_FORMAT = "dwarf-with-dsym";
				ENABLE_STRICT_OBJC_MSGSEND = YES;
				GCC_C_LANGUAGE_STANDARD = gnu99;
				GCC_DYNAMIC_NO_PIC = NO;
				GCC_NO_COMMON_BLOCKS = YES;
				GCC_OPTIMIZATION_LEVEL = 0;
				GCC_PREPROCESSOR_DEFINITIONS = (
					"DEBUG=1",
					"$(inherited)",
				);
				GCC_SYMBOLS_PRIVATE_EXTERN = NO;
				GCC_WARN_64_TO_32_BIT_CONVERSION = YES;
				GCC_WARN_ABOUT_RETURN_TYPE = YES_ERROR;
				GCC_WARN_UNDECLARED_SELECTOR = YES;
				GCC_WARN_UNINITIALIZED_AUTOS = YES_AGGRESSIVE;
				GCC_WARN_UNUSED_FUNCTION = YES;
				GCC_WARN_UNUSED_VARIABLE = YES;
				IPHONEOS_DEPLOYMENT_TARGET = 8.3;
				MTL_ENABLE_DEBUG_INFO = YES;
				ONLY_ACTIVE_ARCH = YES;
				SDKROOT = iphoneos;
				TARGETED_DEVICE_FAMILY = "1,2";
			};
			name = Debug;
		};
		00594ED11E701BE300E87AD6 /* Release */ = {
			isa = XCBuildConfiguration;
			buildSettings = {
				ALWAYS_SEARCH_USER_PATHS = NO;
				CLANG_CXX_LANGUAGE_STANDARD = "gnu++0x";
				CLANG_CXX_LIBRARY = "libc++";
				CLANG_ENABLE_MODULES = YES;
				CLANG_ENABLE_OBJC_ARC = YES;
				CLANG_WARN_BOOL_CONVERSION = YES;
				CLANG_WARN_CONSTANT_CONVERSION = YES;
				CLANG_WARN_DIRECT_OBJC_ISA_USAGE = YES_ERROR;
				CLANG_WARN_EMPTY_BODY = YES;
				CLANG_WARN_ENUM_CONVERSION = YES;
				CLANG_WARN_INT_CONVERSION = YES;
				CLANG_WARN_OBJC_ROOT_CLASS = YES_ERROR;
				CLANG_WARN_UNREACHABLE_CODE = YES;
				CLANG_WARN__DUPLICATE_METHOD_MATCH = YES;
				"CODE_SIGN_IDENTITY[sdk=iphoneos*]" = "iPhone Developer";
				COPY_PHASE_STRIP = NO;
				DEBUG_INFORMATION_FORMAT = "dwarf-with-dsym";
				ENABLE_NS_ASSERTIONS = NO;
				ENABLE_STRICT_OBJC_MSGSEND = YES;
				GCC_C_LANGUAGE_STANDARD = gnu99;
				GCC_NO_COMMON_BLOCKS = YES;
				GCC_WARN_64_TO_32_BIT_CONVERSION = YES;
				GCC_WARN_ABOUT_RETURN_TYPE = YES_ERROR;
				GCC_WARN_UNDECLARED_SELECTOR = YES;
				GCC_WARN_UNINITIALIZED_AUTOS = YES_AGGRESSIVE;
				GCC_WARN_UNUSED_FUNCTION = YES;
				GCC_WARN_UNUSED_VARIABLE = YES;
				IPHONEOS_DEPLOYMENT_TARGET = 8.3;
				MTL_ENABLE_DEBUG_INFO = NO;
				SDKROOT = iphoneos;
				TARGETED_DEVICE_FAMILY = "1,2";
				VALIDATE_PRODUCT = YES;
			};
			name = Release;
		};
		00594ED31E701BE300E87AD6 /* Debug */ = {
			isa = XCBuildConfiguration;
			buildSettings = {
				ASSETCATALOG_COMPILER_APPICON_NAME = AppIcon;
				INFOPLIST_FILE = alertviewprasad/Info.plist;
				LD_RUNPATH_SEARCH_PATHS = "$(inherited) @executable_path/Frameworks";
				PRODUCT_NAME = "$(TARGET_NAME)";
			};
			name = Debug;
		};
		00594ED41E701BE300E87AD6 /* Release */ = {
			isa = XCBuildConfiguration;
			buildSettings = {
				ASSETCATALOG_COMPILER_APPICON_NAME = AppIcon;
				INFOPLIST_FILE = alertviewprasad/Info.plist;
				LD_RUNPATH_SEARCH_PATHS = "$(inherited) @executable_path/Frameworks";
				PRODUCT_NAME = "$(TARGET_NAME)";
			};
			name = Release;
		};
		00594ED61E701BE300E87AD6 /* Debug */ = {
			isa = XCBuildConfiguration;
			buildSettings = {
				BUNDLE_LOADER = "$(TEST_HOST)";
				FRAMEWORK_SEARCH_PATHS = (
					"$(SDKROOT)/Developer/Library/Frameworks",
					"$(inherited)",
				);
				GCC_PREPROCESSOR_DEFINITIONS = (
					"DEBUG=1",
					"$(inherited)",
				);
				INFOPLIST_FILE = alertviewprasadTests/Info.plist;
				LD_RUNPATH_SEARCH_PATHS = "$(inherited) @executable_path/Frameworks @loader_path/Frameworks";
				PRODUCT_NAME = "$(TARGET_NAME)";
				TEST_HOST = "$(BUILT_PRODUCTS_DIR)/alertviewprasad.app/alertviewprasad";
			};
			name = Debug;
		};
		00594ED71E701BE300E87AD6 /* Release */ = {
			isa = XCBuildConfiguration;
			buildSettings = {
				BUNDLE_LOADER = "$(TEST_HOST)";
				FRAMEWORK_SEARCH_PATHS = (
					"$(SDKROOT)/Developer/Library/Frameworks",
					"$(inherited)",
				);
				INFOPLIST_FILE = alertviewprasadTests/Info.plist;
				LD_RUNPATH_SEARCH_PATHS = "$(inherited) @executable_path/Frameworks @loader_path/Frameworks";
				PRODUCT_NAME = "$(TARGET_NAME)";
				TEST_HOST = "$(BUILT_PRODUCTS_DIR)/alertviewprasad.app/alertviewprasad";
			};
			name = Release;
		};
/* End XCBuildConfiguration section */

/* Begin XCConfigurationList section */
		00594EAA1E701BE200E87AD6 /* Build configuration list for PBXProject "alertviewprasad" */ = {
			isa = XCConfigurationList;
			buildConfigurations = (
				00594ED01E701BE300E87AD6 /* Debug */,
				00594ED11E701BE300E87AD6 /* Release */,
			);
			defaultConfigurationIsVisible = 0;
			defaultConfigurationName = Release;
		};
		00594ED21E701BE300E87AD6 /* Build configuration list for PBXNativeTarget "alertviewprasad" */ = {
			isa = XCConfigurationList;
			buildConfigurations = (
				00594ED31E701BE300E87AD6 /* Debug */,
				00594ED41E701BE300E87AD6 /* Release */,
			);
			defaultConfigurationIsVisible = 0;
		};
		00594ED51E701BE300E87AD6 /* Build configuration list for PBXNativeTarget "alertviewprasadTests" */ = {
			isa = XCConfigurationList;
			buildConfigurations = (
				00594ED61E701BE300E87AD6 /* Debug */,
				00594ED71E701BE300E87AD6 /* Release */,
			);
			defaultConfigurationIsVisible = 0;
		};
/* End XCConfigurationList section */
	};
	rootObject = 00594EA71E701BE200E87AD6 /* Project object */;
}
